// !$*UTF8*$!
{
	archiveVersion = 1;
	classes = {
	};
	objectVersion = 46;
	objects = {

/* Begin PBXBuildFile section */
		4B2FEFA51F0A742300EE6643 /* AppDelegate.swift in Sources */ = {isa = PBXBuildFile; fileRef = 4B2FEFA41F0A742300EE6643 /* AppDelegate.swift */; };
		4B2FEFA71F0A742300EE6643 /* ViewController.swift in Sources */ = {isa = PBXBuildFile; fileRef = 4B2FEFA61F0A742300EE6643 /* ViewController.swift */; };
		4B2FEFAA1F0A742300EE6643 /* Main.storyboard in Resources */ = {isa = PBXBuildFile; fileRef = 4B2FEFA81F0A742300EE6643 /* Main.storyboard */; };
		4B2FEFAC1F0A742300EE6643 /* Assets.xcassets in Resources */ = {isa = PBXBuildFile; fileRef = 4B2FEFAB1F0A742300EE6643 /* Assets.xcassets */; };
		4B2FEFAF1F0A742300EE6643 /* LaunchScreen.storyboard in Resources */ = {isa = PBXBuildFile; fileRef = 4B2FEFAD1F0A742300EE6643 /* LaunchScreen.storyboard */; };
		4B2FEFB71F0A772A00EE6643 /* WeekDaysCollectionViewCell.swift in Sources */ = {isa = PBXBuildFile; fileRef = 4B2FEFB61F0A772A00EE6643 /* WeekDaysCollectionViewCell.swift */; };
		4BE0CA3B1F1134F200C43373 /* secondCollectionViewCell.swift in Sources */ = {isa = PBXBuildFile; fileRef = 4BE0CA3A1F1134F200C43373 /* secondCollectionViewCell.swift */; };
		4BE0CA3D1F11352400C43373 /* tableViewModel.swift in Sources */ = {isa = PBXBuildFile; fileRef = 4BE0CA3C1F11352400C43373 /* tableViewModel.swift */; };
/* End PBXBuildFile section */

/* Begin PBXFileReference section */
		4B2FEFA11F0A742300EE6643 /* free slots timetable.app */ = {isa = PBXFileReference; explicitFileType = wrapper.application; includeInIndex = 0; path = "free slots timetable.app"; sourceTree = BUILT_PRODUCTS_DIR; };
		4B2FEFA41F0A742300EE6643 /* AppDelegate.swift */ = {isa = PBXFileReference; lastKnownFileType = sourcecode.swift; path = AppDelegate.swift; sourceTree = "<group>"; };
		4B2FEFA61F0A742300EE6643 /* ViewController.swift */ = {isa = PBXFileReference; lastKnownFileType = sourcecode.swift; path = ViewController.swift; sourceTree = "<group>"; };
		4B2FEFA91F0A742300EE6643 /* Base */ = {isa = PBXFileReference; lastKnownFileType = file.storyboard; name = Base; path = Base.lproj/Main.storyboard; sourceTree = "<group>"; };
		4B2FEFAB1F0A742300EE6643 /* Assets.xcassets */ = {isa = PBXFileReference; lastKnownFileType = folder.assetcatalog; path = Assets.xcassets; sourceTree = "<group>"; };
		4B2FEFAE1F0A742300EE6643 /* Base */ = {isa = PBXFileReference; lastKnownFileType = file.storyboard; name = Base; path = Base.lproj/LaunchScreen.storyboard; sourceTree = "<group>"; };
		4B2FEFB01F0A742300EE6643 /* Info.plist */ = {isa = PBXFileReference; lastKnownFileType = text.plist.xml; path = Info.plist; sourceTree = "<group>"; };
		4B2FEFB61F0A772A00EE6643 /* WeekDaysCollectionViewCell.swift */ = {isa = PBXFileReference; fileEncoding = 4; lastKnownFileType = sourcecode.swift; path = WeekDaysCollectionViewCell.swift; sourceTree = "<group>"; };
		4BE0CA3A1F1134F200C43373 /* secondCollectionViewCell.swift */ = {isa = PBXFileReference; fileEncoding = 4; lastKnownFileType = sourcecode.swift; path = secondCollectionViewCell.swift; sourceTree = "<group>"; };
		4BE0CA3C1F11352400C43373 /* tableViewModel.swift */ = {isa = PBXFileReference; fileEncoding = 4; lastKnownFileType = sourcecode.swift; path = tableViewModel.swift; sourceTree = "<group>"; };
/* End PBXFileReference section */

/* Begin PBXFrameworksBuildPhase section */
		4B2FEF9E1F0A742300EE6643 /* Frameworks */ = {
			isa = PBXFrameworksBuildPhase;
			buildActionMask = 2147483647;
			files = (
			);
			runOnlyForDeploymentPostprocessing = 0;
		};
/* End PBXFrameworksBuildPhase section */

/* Begin PBXGroup section */
		4B2FEF981F0A742300EE6643 = {
			isa = PBXGroup;
			children = (
				4B2FEFA31F0A742300EE6643 /* free slots timetable */,
				4B2FEFA21F0A742300EE6643 /* Products */,
			);
			sourceTree = "<group>";
		};
		4B2FEFA21F0A742300EE6643 /* Products */ = {
			isa = PBXGroup;
			children = (
				4B2FEFA11F0A742300EE6643 /* free slots timetable.app */,
			);
			name = Products;
			sourceTree = "<group>";
		};
		4B2FEFA31F0A742300EE6643 /* free slots timetable */ = {
			isa = PBXGroup;
			children = (
				4B806CC41F11555D007A22F8 /* Controller */,
				4B806CC31F115558007A22F8 /* Model */,
				4B806CC21F115552007A22F8 /* View */,
				4B2FEFA41F0A742300EE6643 /* AppDelegate.swift */,
				4B2FEFA81F0A742300EE6643 /* Main.storyboard */,
				4B2FEFAB1F0A742300EE6643 /* Assets.xcassets */,
				4B2FEFAD1F0A742300EE6643 /* LaunchScreen.storyboard */,
				4B2FEFB01F0A742300EE6643 /* Info.plist */,
			);
			path = "free slots timetable";
			sourceTree = "<group>";
		};
		4B806CC21F115552007A22F8 /* View */ = {
			isa = PBXGroup;
			children = (
				4B2FEFB61F0A772A00EE6643 /* WeekDaysCollectionViewCell.swift */,
				4BE0CA3A1F1134F200C43373 /* secondCollectionViewCell.swift */,
			);
			name = View;
			sourceTree = "<group>";
		};
		4B806CC31F115558007A22F8 /* Model */ = {
			isa = PBXGroup;
			children = (
				4BE0CA3C1F11352400C43373 /* tableViewModel.swift */,
			);
			name = Model;
			sourceTree = "<group>";
		};
		4B806CC41F11555D007A22F8 /* Controller */ = {
			isa = PBXGroup;
			children = (
				4B2FEFA61F0A742300EE6643 /* ViewController.swift */,
			);
			name = Controller;
			sourceTree = "<group>";
		};
/* End PBXGroup section */

/* Begin PBXNativeTarget section */
		4B2FEFA01F0A742300EE6643 /* free slots timetable */ = {
			isa = PBXNativeTarget;
			buildConfigurationList = 4B2FEFB31F0A742300EE6643 /* Build configuration list for PBXNativeTarget "free slots timetable" */;
			buildPhases = (
				4B2FEF9D1F0A742300EE6643 /* Sources */,
				4B2FEF9E1F0A742300EE6643 /* Frameworks */,
				4B2FEF9F1F0A742300EE6643 /* Resources */,
			);
			buildRules = (
			);
			dependencies = (
			);
			name = "free slots timetable";
			productName = "free slots timetable";
			productReference = 4B2FEFA11F0A742300EE6643 /* free slots timetable.app */;
			productType = "com.apple.product-type.application";
		};
/* End PBXNativeTarget section */

/* Begin PBXProject section */
		4B2FEF991F0A742300EE6643 /* Project object */ = {
			isa = PBXProject;
			attributes = {
				LastSwiftUpdateCheck = 0830;
				LastUpgradeCheck = 0830;
				ORGANIZATIONNAME = "indresh arora";
				TargetAttributes = {
					4B2FEFA01F0A742300EE6643 = {
						CreatedOnToolsVersion = 8.3.2;
						DevelopmentTeam = 22MQY5GLD5;
						ProvisioningStyle = Automatic;
					};
				};
			};
			buildConfigurationList = 4B2FEF9C1F0A742300EE6643 /* Build configuration list for PBXProject "free slots timetable" */;
			compatibilityVersion = "Xcode 3.2";
			developmentRegion = English;
			hasScannedForEncodings = 0;
			knownRegions = (
				en,
				Base,
			);
			mainGroup = 4B2FEF981F0A742300EE6643;
			productRefGroup = 4B2FEFA21F0A742300EE6643 /* Products */;
			projectDirPath = "";
			projectRoot = "";
			targets = (
				4B2FEFA01F0A742300EE6643 /* free slots timetable */,
			);
		};
/* End PBXProject section */

/* Begin PBXResourcesBuildPhase section */
		4B2FEF9F1F0A742300EE6643 /* Resources */ = {
			isa = PBXResourcesBuildPhase;
			buildActionMask = 2147483647;
			files = (
				4B2FEFAF1F0A742300EE6643 /* LaunchScreen.storyboard in Resources */,
				4B2FEFAC1F0A742300EE6643 /* Assets.xcassets in Resources */,
				4B2FEFAA1F0A742300EE6643 /* Main.storyboard in Resources */,
			);
			runOnlyForDeploymentPostprocessing = 0;
		};
/* End PBXResourcesBuildPhase section */

/* Begin PBXSourcesBuildPhase section */
		4B2FEF9D1F0A742300EE6643 /* Sources */ = {
			isa = PBXSourcesBuildPhase;
			buildActionMask = 2147483647;
			files = (
				4BE0CA3B1F1134F200C43373 /* secondCollectionViewCell.swift in Sources */,
				4BE0CA3D1F11352400C43373 /* tableViewModel.swift in Sources */,
				4B2FEFB71F0A772A00EE6643 /* WeekDaysCollectionViewCell.swift in Sources */,
				4B2FEFA71F0A742300EE6643 /* ViewController.swift in Sources */,
				4B2FEFA51F0A742300EE6643 /* AppDelegate.swift in Sources */,
			);
			runOnlyForDeploymentPostprocessing = 0;
		};
/* End PBXSourcesBuildPhase section */

/* Begin PBXVariantGroup section */
		4B2FEFA81F0A742300EE6643 /* Main.storyboard */ = {
			isa = PBXVariantGroup;
			children = (
				4B2FEFA91F0A742300EE6643 /* Base */,
			);
			name = Main.storyboard;
			sourceTree = "<group>";
		};
		4B2FEFAD1F0A742300EE6643 /* LaunchScreen.storyboard */ = {
			isa = PBXVariantGroup;
			children = (
				4B2FEFAE1F0A742300EE6643 /* Base */,
			);
			name = LaunchScreen.storyboard;
			sourceTree = "<group>";
		};
/* End PBXVariantGroup section */

/* Begin XCBuildConfiguration section */
		4B2FEFB11F0A742300EE6643 /* Debug */ = {
			isa = XCBuildConfiguration;
			buildSettings = {
				ALWAYS_SEARCH_USER_PATHS = NO;
				CLANG_ANALYZER_NONNULL = YES;
				CLANG_ANALYZER_NUMBER_OBJECT_CONVERSION = YES_AGGRESSIVE;
				CLANG_CXX_LANGUAGE_STANDARD = "gnu++0x";
				CLANG_CXX_LIBRARY = "libc++";
				CLANG_ENABLE_MODULES = YES;
				CLANG_ENABLE_OBJC_ARC = YES;
				CLANG_WARN_BOOL_CONVERSION = YES;
				CLANG_WARN_CONSTANT_CONVERSION = YES;
				CLANG_WARN_DIRECT_OBJC_ISA_USAGE = YES_ERROR;
				CLANG_WARN_DOCUMENTATION_COMMENTS = YES;
				CLANG_WARN_EMPTY_BODY = YES;
				CLANG_WARN_ENUM_CONVERSION = YES;
				CLANG_WARN_INFINITE_RECURSION = YES;
				CLANG_WARN_INT_CONVERSION = YES;
				CLANG_WARN_OBJC_ROOT_CLASS = YES_ERROR;
				CLANG_WARN_SUSPICIOUS_MOVE = YES;
				CLANG_WARN_UNREACHABLE_CODE = YES;
				CLANG_WARN__DUPLICATE_METHOD_MATCH = YES;
				"CODE_SIGN_IDENTITY[sdk=iphoneos*]" = "iPhone Developer";
				COPY_PHASE_STRIP = NO;
				DEBUG_INFORMATION_FORMAT = dwarf;
				ENABLE_STRICT_OBJC_MSGSEND = YES;
				ENABLE_TESTABILITY = YES;
				GCC_C_LANGUAGE_STANDARD = gnu99;
				GCC_DYNAMIC_NO_PIC = NO;
				GCC_NO_COMMON_BLOCKS = YES;
				GCC_OPTIMIZATION_LEVEL = 0;
				GCC_PREPROCESSOR_DEFINITIONS = (
					"DEBUG=1",
					"$(inherited)",
				);
				GCC_WARN_64_TO_32_BIT_CONVERSION = YES;
				GCC_WARN_ABOUT_RETURN_TYPE = YES_ERROR;
				GCC_WARN_UNDECLARED_SELECTOR = YES;
				GCC_WARN_UNINITIALIZED_AUTOS = YES_AGGRESSIVE;
				GCC_WARN_UNUSED_FUNCTION = YES;
				GCC_WARN_UNUSED_VARIABLE = YES;
				IPHONEOS_DEPLOYMENT_TARGET = 10.3;
				MTL_ENABLE_DEBUG_INFO = YES;
				ONLY_ACTIVE_ARCH = YES;
				SDKROOT = iphoneos;
				SWIFT_ACTIVE_COMPILATION_CONDITIONS = DEBUG;
				SWIFT_OPTIMIZATION_LEVEL = "-Onone";
				TARGETED_DEVICE_FAMILY = "1,2";
			};
			name = Debug;
		};
		4B2FEFB21F0A742300EE6643 /* Release */ = {
			isa = XCBuildConfiguration;
			buildSettings = {
				ALWAYS_SEARCH_USER_PATHS = NO;
				CLANG_ANALYZER_NONNULL = YES;
				CLANG_ANALYZER_NUMBER_OBJECT_CONVERSION = YES_AGGRESSIVE;
				CLANG_CXX_LANGUAGE_STANDARD = "gnu++0x";
				CLANG_CXX_LIBRARY = "libc++";
				CLANG_ENABLE_MODULES = YES;
				CLANG_ENABLE_OBJC_ARC = YES;
				CLANG_WARN_BOOL_CONVERSION = YES;
				CLANG_WARN_CONSTANT_CONVERSION = YES;
				CLANG_WARN_DIRECT_OBJC_ISA_USAGE = YES_ERROR;
				CLANG_WARN_DOCUMENTATION_COMMENTS = YES;
				CLANG_WARN_EMPTY_BODY = YES;
				CLANG_WARN_ENUM_CONVERSION = YES;
				CLANG_WARN_INFINITE_RECURSION = YES;
				CLANG_WARN_INT_CONVERSION = YES;
				CLANG_WARN_OBJC_ROOT_CLASS = YES_ERROR;
				CLANG_WARN_SUSPICIOUS_MOVE = YES;
				CLANG_WARN_UNREACHABLE_CODE = YES;
				CLANG_WARN__DUPLICATE_METHOD_MATCH = YES;
				"CODE_SIGN_IDENTITY[sdk=iphoneos*]" = "iPhone Developer";
				COPY_PHASE_STRIP = NO;
				DEBUG_INFORMATION_FORMAT = "dwarf-with-dsym";
				ENABLE_NS_ASSERTIONS = NO;
				ENABLE_STRICT_OBJC_MSGSEND = YES;
				GCC_C_LANGUAGE_STANDARD = gnu99;
				GCC_NO_COMMON_BLOCKS = YES;
				GCC_WARN_64_TO_32_BIT_CONVERSION = YES;
				GCC_WARN_ABOUT_RETURN_TYPE = YES_ERROR;
				GCC_WARN_UNDECLARED_SELECTOR = YES;
				GCC_WARN_UNINITIALIZED_AUTOS = YES_AGGRESSIVE;
				GCC_WARN_UNUSED_FUNCTION = YES;
				GCC_WARN_UNUSED_VARIABLE = YES;
				IPHONEOS_DEPLOYMENT_TARGET = 10.3;
				MTL_ENABLE_DEBUG_INFO = NO;
				SDKROOT = iphoneos;
				SWIFT_OPTIMIZATION_LEVEL = "-Owholemodule";
				TARGETED_DEVICE_FAMILY = "1,2";
				VALIDATE_PRODUCT = YES;
			};
			name = Release;
		};
		4B2FEFB41F0A742300EE6643 /* Debug */ = {
			isa = XCBuildConfiguration;
			buildSettings = {
				ASSETCATALOG_COMPILER_APPICON_NAME = AppIcon;
				DEVELOPMENT_TEAM = 22MQY5GLD5;
				INFOPLIST_FILE = "free slots timetable/Info.plist";
				LD_RUNPATH_SEARCH_PATHS = "$(inherited) @executable_path/Frameworks";
				PRODUCT_BUNDLE_IDENTIFIER = "ia.free-slots-timetable";
				PRODUCT_NAME = "$(TARGET_NAME)";
				SWIFT_VERSION = 3.0;
			};
			name = Debug;
		};
		4B2FEFB51F0A742300EE6643 /* Release */ = {
			isa = XCBuildConfiguration;
			buildSettings = {
				ASSETCATALOG_COMPILER_APPICON_NAME = AppIcon;
				DEVELOPMENT_TEAM = 22MQY5GLD5;
				INFOPLIST_FILE = "free slots timetable/Info.plist";
				LD_RUNPATH_SEARCH_PATHS = "$(inherited) @executable_path/Frameworks";
				PRODUCT_BUNDLE_IDENTIFIER = "ia.free-slots-timetable";
				PRODUCT_NAME = "$(TARGET_NAME)";
				SWIFT_VERSION = 3.0;
			};
			name = Release;
		};
/* End XCBuildConfiguration section */

/* Begin XCConfigurationList section */
		4B2FEF9C1F0A742300EE6643 /* Build configuration list for PBXProject "free slots timetable" */ = {
			isa = XCConfigurationList;
			buildConfigurations = (
				4B2FEFB11F0A742300EE6643 /* Debug */,
				4B2FEFB21F0A742300EE6643 /* Release */,
			);
			defaultConfigurationIsVisible = 0;
			defaultConfigurationName = Release;
		};
		4B2FEFB31F0A742300EE6643 /* Build configuration list for PBXNativeTarget "free slots timetable" */ = {
			isa = XCConfigurationList;
			buildConfigurations = (
				4B2FEFB41F0A742300EE6643 /* Debug */,
				4B2FEFB51F0A742300EE6643 /* Release */,
			);
			defaultConfigurationIsVisible = 0;
			defaultConfigurationName = Release;
		};
/* End XCConfigurationList section */
	};
	rootObject = 4B2FEF991F0A742300EE6643 /* Project object */;
}
